
Microsoft Visual Studio Solution File, Format Version 12.00
# Visual Studio Version 17
VisualStudioVersion = 17.13.35818.85
MinimumVisualStudioVersion = 10.0.40219.1
Project("{FAE04EC0-301F-11D3-BF4B-00C04F79EFBC}") = "Tests_Tarefas", "TestsTarefas\Tests_Tarefas.csproj", "{4A2A8CEF-C317-559D-EA09-CFE58072922C}"
EndProject
Project("{FAE04EC0-301F-11D3-BF4B-00C04F79EFBC}") = "TarefasLibrary", "TarefasLib\TarefasLibrary.csproj", "{BBE528F6-474E-DF61-9904-001383FBAFA6}"
EndProject
Project("{FAE04EC0-301F-11D3-BF4B-00C04F79EFBC}") = "ApiRest", "ApiRest\ApiRest.csproj", "{8D92C03C-87FD-4391-A323-670DFE878774}"
EndProject
Global
	GlobalSection(SolutionConfigurationPlatforms) = preSolution
		Debug|Any CPU = Debug|Any CPU
		Release|Any CPU = Release|Any CPU
	EndGlobalSection
	GlobalSection(ProjectConfigurationPlatforms) = postSolution
		{4A2A8CEF-C317-559D-EA09-CFE58072922C}.Debug|Any CPU.ActiveCfg = Debug|Any CPU
		{4A2A8CEF-C317-559D-EA09-CFE58072922C}.Debug|Any CPU.Build.0 = Debug|Any CPU
		{4A2A8CEF-C317-559D-EA09-CFE58072922C}.Release|Any CPU.ActiveCfg = Release|Any CPU
		{4A2A8CEF-C317-559D-EA09-CFE58072922C}.Release|Any CPU.Build.0 = Release|Any CPU
		{BBE528F6-474E-DF61-9904-001383FBAFA6}.Debug|Any CPU.ActiveCfg = Debug|Any CPU
		{BBE528F6-474E-DF61-9904-001383FBAFA6}.Debug|Any CPU.Build.0 = Debug|Any CPU
		{BBE528F6-474E-DF61-9904-001383FBAFA6}.Release|Any CPU.ActiveCfg = Release|Any CPU
		{BBE528F6-474E-DF61-9904-001383FBAFA6}.Release|Any CPU.Build.0 = Release|Any CPU
		{8D92C03C-87FD-4391-A323-670DFE878774}.Debug|Any CPU.ActiveCfg = Debug|Any CPU
		{8D92C03C-87FD-4391-A323-670DFE878774}.Debug|Any CPU.Build.0 = Debug|Any CPU
		{8D92C03C-87FD-4391-A323-670DFE878774}.Release|Any CPU.ActiveCfg = Release|Any CPU
		{8D92C03C-87FD-4391-A323-670DFE878774}.Release|Any CPU.Build.0 = Release|Any CPU
	EndGlobalSection
	GlobalSection(SolutionProperties) = preSolution
		HideSolutionNode = FALSE
	EndGlobalSection
	GlobalSection(ExtensibilityGlobals) = postSolution
		SolutionGuid = {8338329B-78C5-419B-A2F0-3D6AA1B3BFCB}
	EndGlobalSection
EndGlobal
