
Microsoft Visual Studio Solution File, Format Version 12.00
# Visual Studio Version 17
VisualStudioVersion = 17.13.35818.85
MinimumVisualStudioVersion = 10.0.40219.1
Project("{FAE04EC0-301F-11D3-BF4B-00C04F79EFBC}") = "Tests_Tarefas", "TestsTarefas\Tests_Tarefas.csproj", "{4A2A8CEF-C317-559D-EA09-CFE58072922C}"
EndProject
Project("{FAE04EC0-301F-11D3-BF4B-00C04F79EFBC}") = "TarefasLibrary", "TarefasLib\TarefasLibrary.csproj", "{BBE528F6-474E-DF61-9904-001383FBAFA6}"
EndProject
Project("{FAE04EC0-301F-11D3-BF4B-00C04F79EFBC}") = "ApiRest", "ApiRest\ApiRest.csproj", "{8D92C03C-87FD-4391-A323-670DFE878774}"
EndProject
Project("{FAE04EC0-301F-11D3-BF4B-00C04F79EFBC}") = "BlazorTarefas", "BlazorTarefas\BlazorTarefas.csproj", "{A9E16892-C807-4CA3-83C8-467F83C8F805}"
EndProject
Project("{FAE04EC0-301F-11D3-BF4B-00C04F79EFBC}") = "BlazorWebAssembly", "BlazorWebAssembly\BlazorWebAssembly.csproj", "{65914614-08E0-4C16-AEEB-E7D7B5700DA2}"
EndProject
Global
	GlobalSection(SolutionConfigurationPlatforms) = preSolution
		Debug|Any CPU = Debug|Any CPU
		Release|Any CPU = Release|Any CPU
	EndGlobalSection
	GlobalSection(ProjectConfigurationPlatforms) = postSolution
		{4A2A8CEF-C317-559D-EA09-CFE58072922C}.Debug|Any CPU.ActiveCfg = Debug|Any CPU
		{4A2A8CEF-C317-559D-EA09-CFE58072922C}.Debug|Any CPU.Build.0 = Debug|Any CPU
		{4A2A8CEF-C317-559D-EA09-CFE58072922C}.Release|Any CPU.ActiveCfg = Release|Any CPU
		{4A2A8CEF-C317-559D-EA09-CFE58072922C}.Release|Any CPU.Build.0 = Release|Any CPU
		{BBE528F6-474E-DF61-9904-001383FBAFA6}.Debug|Any CPU.ActiveCfg = Debug|Any CPU
		{BBE528F6-474E-DF61-9904-001383FBAFA6}.Debug|Any CPU.Build.0 = Debug|Any CPU
		{BBE528F6-474E-DF61-9904-001383FBAFA6}.Release|Any CPU.ActiveCfg = Release|Any CPU
		{BBE528F6-474E-DF61-9904-001383FBAFA6}.Release|Any CPU.Build.0 = Release|Any CPU
		{8D92C03C-87FD-4391-A323-670DFE878774}.Debug|Any CPU.ActiveCfg = Debug|Any CPU
		{8D92C03C-87FD-4391-A323-670DFE878774}.Debug|Any CPU.Build.0 = Debug|Any CPU
		{8D92C03C-87FD-4391-A323-670DFE878774}.Release|Any CPU.ActiveCfg = Release|Any CPU
		{8D92C03C-87FD-4391-A323-670DFE878774}.Release|Any CPU.Build.0 = Release|Any CPU
		{A9E16892-C807-4CA3-83C8-467F83C8F805}.Debug|Any CPU.ActiveCfg = Debug|Any CPU
		{A9E16892-C807-4CA3-83C8-467F83C8F805}.Debug|Any CPU.Build.0 = Debug|Any CPU
		{A9E16892-C807-4CA3-83C8-467F83C8F805}.Release|Any CPU.ActiveCfg = Release|Any CPU
		{A9E16892-C807-4CA3-83C8-467F83C8F805}.Release|Any CPU.Build.0 = Release|Any CPU
		{65914614-08E0-4C16-AEEB-E7D7B5700DA2}.Debug|Any CPU.ActiveCfg = Debug|Any CPU
		{65914614-08E0-4C16-AEEB-E7D7B5700DA2}.Debug|Any CPU.Build.0 = Debug|Any CPU
		{65914614-08E0-4C16-AEEB-E7D7B5700DA2}.Release|Any CPU.ActiveCfg = Release|Any CPU
		{65914614-08E0-4C16-AEEB-E7D7B5700DA2}.Release|Any CPU.Build.0 = Release|Any CPU
		{46D46DE7-03BB-4DBD-B1CC-068AB7106380}.Debug|Any CPU.ActiveCfg = Debug|Any CPU
		{46D46DE7-03BB-4DBD-B1CC-068AB7106380}.Debug|Any CPU.Build.0 = Debug|Any CPU
		{46D46DE7-03BB-4DBD-B1CC-068AB7106380}.Release|Any CPU.ActiveCfg = Release|Any CPU
		{46D46DE7-03BB-4DBD-B1CC-068AB7106380}.Release|Any CPU.Build.0 = Release|Any CPU
	EndGlobalSection
	GlobalSection(SolutionProperties) = preSolution
		HideSolutionNode = FALSE
	EndGlobalSection
	GlobalSection(NestedProjects) = preSolution
		{65914614-08E0-4C16-AEEB-E7D7B5700DA2} = {02EA681E-C7D8-13C7-8484-4AC65E1B71E8}
		{46D46DE7-03BB-4DBD-B1CC-068AB7106380} = {02EA681E-C7D8-13C7-8484-4AC65E1B71E8}
	EndGlobalSection
	GlobalSection(ExtensibilityGlobals) = postSolution
		SolutionGuid = {8338329B-78C5-419B-A2F0-3D6AA1B3BFCB}
	EndGlobalSection
EndGlobal
